
Microsoft Visual Studio Solution File, Format Version 12.00
# Visual Studio Version 16
VisualStudioVersion = 16.0.31702.278
MinimumVisualStudioVersion = 10.0.40219.1
Project("{FAE04EC0-301F-11D3-BF4B-00C04F79EFBC}") = "SortingAlgorithmVisualizer", "SortingAlgorithmVisualizer\SortingAlgorithmVisualizer.csproj", "{AC291AB4-20CD-434B-8928-D93C23E4B35C}"
EndProject
Global
	GlobalSection(SolutionConfigurationPlatforms) = preSolution
		Debug|Any CPU = Debug|Any CPU
		Release|Any CPU = Release|Any CPU
	EndGlobalSection
	GlobalSection(ProjectConfigurationPlatforms) = postSolution
		{AC291AB4-20CD-434B-8928-D93C23E4B35C}.Debug|Any CPU.ActiveCfg = Debug|Any CPU
		{AC291AB4-20CD-434B-8928-D93C23E4B35C}.Debug|Any CPU.Build.0 = Debug|Any CPU
		{AC291AB4-20CD-434B-8928-D93C23E4B35C}.Release|Any CPU.ActiveCfg = Release|Any CPU
		{AC291AB4-20CD-434B-8928-D93C23E4B35C}.Release|Any CPU.Build.0 = Release|Any CPU
	EndGlobalSection
	GlobalSection(SolutionProperties) = preSolution
		HideSolutionNode = FALSE
	EndGlobalSection
	GlobalSection(ExtensibilityGlobals) = postSolution
		SolutionGuid = {F0CBDEB8-54F9-49D8-ACC2-B7EEDB90743B}
	EndGlobalSection
EndGlobal
